
Microsoft Visual Studio Solution File, Format Version 12.00
# Visual Studio Version 16
VisualStudioVersion = 16.0.31019.35
MinimumVisualStudioVersion = 10.0.40219.1
Project("{FAE04EC0-301F-11D3-BF4B-00C04F79EFBC}") = "WebApplication1", "WebApplication1.csproj", "{206A91D0-9C52-4064-BDB5-8E7738C685AB}"
EndProject
Global
	GlobalSection(SolutionConfigurationPlatforms) = preSolution
		Debug|Any CPU = Debug|Any CPU
		Release|Any CPU = Release|Any CPU
	EndGlobalSection
	GlobalSection(ProjectConfigurationPlatforms) = postSolution
		{206A91D0-9C52-4064-BDB5-8E7738C685AB}.Debug|Any CPU.ActiveCfg = Debug|Any CPU
		{206A91D0-9C52-4064-BDB5-8E7738C685AB}.Debug|Any CPU.Build.0 = Debug|Any CPU
		{206A91D0-9C52-4064-BDB5-8E7738C685AB}.Release|Any CPU.ActiveCfg = Release|Any CPU
		{206A91D0-9C52-4064-BDB5-8E7738C685AB}.Release|Any CPU.Build.0 = Release|Any CPU
	EndGlobalSection
	GlobalSection(SolutionProperties) = preSolution
		HideSolutionNode = FALSE
	EndGlobalSection
	GlobalSection(ExtensibilityGlobals) = postSolution
		SolutionGuid = {4087A697-6DE9-44B3-B990-325746AF351B}
	EndGlobalSection
EndGlobal
